
Microsoft Visual Studio Solution File, Format Version 12.00
# Visual Studio Version 17
VisualStudioVersion = 17.14.36408.4 d17.14
MinimumVisualStudioVersion = 10.0.40219.1
Project("{FAE04EC0-301F-11D3-BF4B-00C04F79EFBC}") = "FileSnapshot2", "FileSnapshot2\FileSnapshot2.csproj", "{5BAD81DE-BFCB-4459-8D57-DD55A212D250}"
EndProject
Global
	GlobalSection(SolutionConfigurationPlatforms) = preSolution
		Debug|Any CPU = Debug|Any CPU
		Release|Any CPU = Release|Any CPU
	EndGlobalSection
	GlobalSection(ProjectConfigurationPlatforms) = postSolution
		{5BAD81DE-BFCB-4459-8D57-DD55A212D250}.Debug|Any CPU.ActiveCfg = Debug|Any CPU
		{5BAD81DE-BFCB-4459-8D57-DD55A212D250}.Debug|Any CPU.Build.0 = Debug|Any CPU
		{5BAD81DE-BFCB-4459-8D57-DD55A212D250}.Release|Any CPU.ActiveCfg = Release|Any CPU
		{5BAD81DE-BFCB-4459-8D57-DD55A212D250}.Release|Any CPU.Build.0 = Release|Any CPU
	EndGlobalSection
	GlobalSection(SolutionProperties) = preSolution
		HideSolutionNode = FALSE
	EndGlobalSection
	GlobalSection(ExtensibilityGlobals) = postSolution
		SolutionGuid = {2E11A42F-7CAF-4DA1-A218-FDCC96673F69}
	EndGlobalSection
EndGlobal
