
Microsoft Visual Studio Solution File, Format Version 12.00
# Visual Studio Version 17
VisualStudioVersion = 17.14.36408.4
MinimumVisualStudioVersion = 10.0.40219.1
Project("{FAE04EC0-301F-11D3-BF4B-00C04F79EFBC}") = "FileSnapshot4", "FileSnapshot4\FileSnapshot4.csproj", "{AD07A4F7-09C6-C27E-32E4-3CA7619D32E9}"
EndProject
Global
	GlobalSection(SolutionConfigurationPlatforms) = preSolution
		Debug|Any CPU = Debug|Any CPU
		Release|Any CPU = Release|Any CPU
	EndGlobalSection
	GlobalSection(ProjectConfigurationPlatforms) = postSolution
		{AD07A4F7-09C6-C27E-32E4-3CA7619D32E9}.Debug|Any CPU.ActiveCfg = Debug|Any CPU
		{AD07A4F7-09C6-C27E-32E4-3CA7619D32E9}.Debug|Any CPU.Build.0 = Debug|Any CPU
		{AD07A4F7-09C6-C27E-32E4-3CA7619D32E9}.Release|Any CPU.ActiveCfg = Release|Any CPU
		{AD07A4F7-09C6-C27E-32E4-3CA7619D32E9}.Release|Any CPU.Build.0 = Release|Any CPU
	EndGlobalSection
	GlobalSection(SolutionProperties) = preSolution
		HideSolutionNode = FALSE
	EndGlobalSection
	GlobalSection(ExtensibilityGlobals) = postSolution
		SolutionGuid = {B4EC91EB-51AD-47CA-8B63-CF7E5D88ABC7}
	EndGlobalSection
EndGlobal
